
Microsoft Visual Studio Solution File, Format Version 12.00
# Visual Studio 15
VisualStudioVersion = 15.0.27004.2008
MinimumVisualStudioVersion = 10.0.40219.1
Project("{FAE04EC0-301F-11D3-BF4B-00C04F79EFBC}") = "OverSurgery", "Tutorial1\OverSurgery.csproj", "{D8250253-086E-4845-ABFD-F9F4649F5615}"
EndProject
Project("{FAE04EC0-301F-11D3-BF4B-00C04F79EFBC}") = "OverSurgeryUnitTest", "OverSurgeryUnitTest\OverSurgeryUnitTest.csproj", "{BC3C59C3-8FEF-4061-BEB9-32D2E8CBE9B9}"
EndProject
Project("{FAE04EC0-301F-11D3-BF4B-00C04F79EFBC}") = "UnitTestGPHandler", "UnitTestGPHandler\UnitTestGPHandler.csproj", "{4A8A8E05-EB84-4CBF-8581-4507E4EEA1ED}"
EndProject
Global
	GlobalSection(SolutionConfigurationPlatforms) = preSolution
		Debug|Any CPU = Debug|Any CPU
		Release|Any CPU = Release|Any CPU
	EndGlobalSection
	GlobalSection(ProjectConfigurationPlatforms) = postSolution
		{D8250253-086E-4845-ABFD-F9F4649F5615}.Debug|Any CPU.ActiveCfg = Debug|Any CPU
		{D8250253-086E-4845-ABFD-F9F4649F5615}.Debug|Any CPU.Build.0 = Debug|Any CPU
		{D8250253-086E-4845-ABFD-F9F4649F5615}.Release|Any CPU.ActiveCfg = Release|Any CPU
		{D8250253-086E-4845-ABFD-F9F4649F5615}.Release|Any CPU.Build.0 = Release|Any CPU
		{BC3C59C3-8FEF-4061-BEB9-32D2E8CBE9B9}.Debug|Any CPU.ActiveCfg = Debug|Any CPU
		{BC3C59C3-8FEF-4061-BEB9-32D2E8CBE9B9}.Debug|Any CPU.Build.0 = Debug|Any CPU
		{BC3C59C3-8FEF-4061-BEB9-32D2E8CBE9B9}.Release|Any CPU.ActiveCfg = Release|Any CPU
		{BC3C59C3-8FEF-4061-BEB9-32D2E8CBE9B9}.Release|Any CPU.Build.0 = Release|Any CPU
		{4A8A8E05-EB84-4CBF-8581-4507E4EEA1ED}.Debug|Any CPU.ActiveCfg = Debug|Any CPU
		{4A8A8E05-EB84-4CBF-8581-4507E4EEA1ED}.Debug|Any CPU.Build.0 = Debug|Any CPU
		{4A8A8E05-EB84-4CBF-8581-4507E4EEA1ED}.Release|Any CPU.ActiveCfg = Release|Any CPU
		{4A8A8E05-EB84-4CBF-8581-4507E4EEA1ED}.Release|Any CPU.Build.0 = Release|Any CPU
	EndGlobalSection
	GlobalSection(SolutionProperties) = preSolution
		HideSolutionNode = FALSE
	EndGlobalSection
	GlobalSection(ExtensibilityGlobals) = postSolution
		SolutionGuid = {0937D803-3CF9-481D-92BE-2B2280E0E050}
	EndGlobalSection
EndGlobal
